
Microsoft Visual Studio Solution File, Format Version 12.00
# Visual Studio Version 16
VisualStudioVersion = 16.0.31613.86
MinimumVisualStudioVersion = 10.0.40219.1
Project("{9A19103F-16F7-4668-BE54-9A1E7A4F7556}") = "Calculadora", "Calculadora\Calculadora.csproj", "{CE1BF429-8C41-4659-9C84-6DA902397FDF}"
EndProject
Project("{54435603-DBB4-11D2-8724-00A0C9A8B90C}") = "CalculadoraInstall", "CalculadoraInstall\CalculadoraInstall.vdproj", "{6153630E-0EA4-4A1A-913D-7ED5653D7A01}"
EndProject
Global
	GlobalSection(SolutionConfigurationPlatforms) = preSolution
		Debug|Any CPU = Debug|Any CPU
		Release|Any CPU = Release|Any CPU
	EndGlobalSection
	GlobalSection(ProjectConfigurationPlatforms) = postSolution
		{CE1BF429-8C41-4659-9C84-6DA902397FDF}.Debug|Any CPU.ActiveCfg = Debug|Any CPU
		{CE1BF429-8C41-4659-9C84-6DA902397FDF}.Debug|Any CPU.Build.0 = Debug|Any CPU
		{CE1BF429-8C41-4659-9C84-6DA902397FDF}.Release|Any CPU.ActiveCfg = Release|Any CPU
		{CE1BF429-8C41-4659-9C84-6DA902397FDF}.Release|Any CPU.Build.0 = Release|Any CPU
		{6153630E-0EA4-4A1A-913D-7ED5653D7A01}.Debug|Any CPU.ActiveCfg = Debug
		{6153630E-0EA4-4A1A-913D-7ED5653D7A01}.Release|Any CPU.ActiveCfg = Release
	EndGlobalSection
	GlobalSection(SolutionProperties) = preSolution
		HideSolutionNode = FALSE
	EndGlobalSection
	GlobalSection(ExtensibilityGlobals) = postSolution
		SolutionGuid = {1E9522F9-158F-4691-91E0-398A92CD98A1}
	EndGlobalSection
EndGlobal
