
Microsoft Visual Studio Solution File, Format Version 12.00
# Visual Studio Version 16
VisualStudioVersion = 16.0.31613.86
MinimumVisualStudioVersion = 10.0.40219.1
Project("{FAE04EC0-301F-11D3-BF4B-00C04F79EFBC}") = "Calculadora", "Calculadora\Calculadora.csproj", "{CE1BF429-8C41-4659-9C84-6DA902397FDF}"
EndProject
Global
	GlobalSection(SolutionConfigurationPlatforms) = preSolution
		Debug|Any CPU = Debug|Any CPU
		Release|Any CPU = Release|Any CPU
	EndGlobalSection
	GlobalSection(ProjectConfigurationPlatforms) = postSolution
		{CE1BF429-8C41-4659-9C84-6DA902397FDF}.Debug|Any CPU.ActiveCfg = Debug|Any CPU
		{CE1BF429-8C41-4659-9C84-6DA902397FDF}.Debug|Any CPU.Build.0 = Debug|Any CPU
		{CE1BF429-8C41-4659-9C84-6DA902397FDF}.Release|Any CPU.ActiveCfg = Release|Any CPU
		{CE1BF429-8C41-4659-9C84-6DA902397FDF}.Release|Any CPU.Build.0 = Release|Any CPU
	EndGlobalSection
	GlobalSection(SolutionProperties) = preSolution
		HideSolutionNode = FALSE
	EndGlobalSection
	GlobalSection(ExtensibilityGlobals) = postSolution
		SolutionGuid = {1E9522F9-158F-4691-91E0-398A92CD98A1}
	EndGlobalSection
EndGlobal
